// !$*UTF8*$!
{
	archiveVersion = 1;
	classes = {
	};
	objectVersion = 50;
	objects = {

/* Begin PBXBuildFile section */
		4825FAB72609D7E0008781A3 /* AppDelegate.swift in Sources */ = {isa = PBXBuildFile; fileRef = 4825FAB62609D7E0008781A3 /* AppDelegate.swift */; };
		4825FABE2609D7E0008781A3 /* Main.storyboard in Resources */ = {isa = PBXBuildFile; fileRef = 4825FABC2609D7E0008781A3 /* Main.storyboard */; };
		4825FAC02609D7E1008781A3 /* Assets.xcassets in Resources */ = {isa = PBXBuildFile; fileRef = 4825FABF2609D7E1008781A3 /* Assets.xcassets */; };
		4825FAC32609D7E1008781A3 /* LaunchScreen.storyboard in Resources */ = {isa = PBXBuildFile; fileRef = 4825FAC12609D7E1008781A3 /* LaunchScreen.storyboard */; };
		4825FACD2609D879008781A3 /* User.swift in Sources */ = {isa = PBXBuildFile; fileRef = 4825FACC2609D879008781A3 /* User.swift */; };
		4825FAD12609D975008781A3 /* API.swift in Sources */ = {isa = PBXBuildFile; fileRef = 4825FAD02609D975008781A3 /* API.swift */; };
		4825FAD42609E03C008781A3 /* ImageDownloader.swift in Sources */ = {isa = PBXBuildFile; fileRef = 4825FAD32609E03C008781A3 /* ImageDownloader.swift */; };
		4825FAD82609E226008781A3 /* UserListViewModel.swift in Sources */ = {isa = PBXBuildFile; fileRef = 4825FAD72609E226008781A3 /* UserListViewModel.swift */; };
		4825FADC2609E233008781A3 /* UserCellViewModel.swift in Sources */ = {isa = PBXBuildFile; fileRef = 4825FADB2609E233008781A3 /* UserCellViewModel.swift */; };
		4825FAE02609E949008781A3 /* CreateUIImage.swift in Sources */ = {isa = PBXBuildFile; fileRef = 4825FADF2609E949008781A3 /* CreateUIImage.swift */; };
		4825FAE52609F312008781A3 /* TimeLineCell.swift in Sources */ = {isa = PBXBuildFile; fileRef = 4825FAE42609F312008781A3 /* TimeLineCell.swift */; };
		4825FAEA2609F528008781A3 /* TimeLineViewController.swift in Sources */ = {isa = PBXBuildFile; fileRef = 4825FAE92609F528008781A3 /* TimeLineViewController.swift */; };
/* End PBXBuildFile section */

/* Begin PBXFileReference section */
		4825FAB32609D7E0008781A3 /* GitHubClientAppMVVM.app */ = {isa = PBXFileReference; explicitFileType = wrapper.application; includeInIndex = 0; path = GitHubClientAppMVVM.app; sourceTree = BUILT_PRODUCTS_DIR; };
		4825FAB62609D7E0008781A3 /* AppDelegate.swift */ = {isa = PBXFileReference; lastKnownFileType = sourcecode.swift; path = AppDelegate.swift; sourceTree = "<group>"; };
		4825FABD2609D7E0008781A3 /* Base */ = {isa = PBXFileReference; lastKnownFileType = file.storyboard; name = Base; path = Base.lproj/Main.storyboard; sourceTree = "<group>"; };
		4825FABF2609D7E1008781A3 /* Assets.xcassets */ = {isa = PBXFileReference; lastKnownFileType = folder.assetcatalog; path = Assets.xcassets; sourceTree = "<group>"; };
		4825FAC22609D7E1008781A3 /* Base */ = {isa = PBXFileReference; lastKnownFileType = file.storyboard; name = Base; path = Base.lproj/LaunchScreen.storyboard; sourceTree = "<group>"; };
		4825FAC42609D7E1008781A3 /* Info.plist */ = {isa = PBXFileReference; lastKnownFileType = text.plist.xml; path = Info.plist; sourceTree = "<group>"; };
		4825FACC2609D879008781A3 /* User.swift */ = {isa = PBXFileReference; lastKnownFileType = sourcecode.swift; path = User.swift; sourceTree = "<group>"; };
		4825FAD02609D975008781A3 /* API.swift */ = {isa = PBXFileReference; lastKnownFileType = sourcecode.swift; path = API.swift; sourceTree = "<group>"; };
		4825FAD32609E03C008781A3 /* ImageDownloader.swift */ = {isa = PBXFileReference; lastKnownFileType = sourcecode.swift; path = ImageDownloader.swift; sourceTree = "<group>"; };
		4825FAD72609E226008781A3 /* UserListViewModel.swift */ = {isa = PBXFileReference; lastKnownFileType = sourcecode.swift; path = UserListViewModel.swift; sourceTree = "<group>"; };
		4825FADB2609E233008781A3 /* UserCellViewModel.swift */ = {isa = PBXFileReference; lastKnownFileType = sourcecode.swift; path = UserCellViewModel.swift; sourceTree = "<group>"; };
		4825FADF2609E949008781A3 /* CreateUIImage.swift */ = {isa = PBXFileReference; lastKnownFileType = sourcecode.swift; path = CreateUIImage.swift; sourceTree = "<group>"; };
		4825FAE42609F312008781A3 /* TimeLineCell.swift */ = {isa = PBXFileReference; lastKnownFileType = sourcecode.swift; path = TimeLineCell.swift; sourceTree = "<group>"; };
		4825FAE92609F528008781A3 /* TimeLineViewController.swift */ = {isa = PBXFileReference; lastKnownFileType = sourcecode.swift; path = TimeLineViewController.swift; sourceTree = "<group>"; };
/* End PBXFileReference section */

/* Begin PBXFrameworksBuildPhase section */
		4825FAB02609D7E0008781A3 /* Frameworks */ = {
			isa = PBXFrameworksBuildPhase;
			buildActionMask = 2147483647;
			files = (
			);
			runOnlyForDeploymentPostprocessing = 0;
		};
/* End PBXFrameworksBuildPhase section */

/* Begin PBXGroup section */
		4825FAAA2609D7E0008781A3 = {
			isa = PBXGroup;
			children = (
				4825FAB52609D7E0008781A3 /* GitHubClientAppMVVM */,
				4825FAB42609D7E0008781A3 /* Products */,
			);
			sourceTree = "<group>";
		};
		4825FAB42609D7E0008781A3 /* Products */ = {
			isa = PBXGroup;
			children = (
				4825FAB32609D7E0008781A3 /* GitHubClientAppMVVM.app */,
			);
			name = Products;
			sourceTree = "<group>";
		};
		4825FAB52609D7E0008781A3 /* GitHubClientAppMVVM */ = {
			isa = PBXGroup;
			children = (
				4825FAC42609D7E1008781A3 /* Info.plist */,
				4825FABF2609D7E1008781A3 /* Assets.xcassets */,
				4825FAC12609D7E1008781A3 /* LaunchScreen.storyboard */,
				4825FABC2609D7E0008781A3 /* Main.storyboard */,
				4825FAEF2609FE03008781A3 /* Application */,
				4825FADE2609E921008781A3 /* Util */,
				4825FACB2609D85F008781A3 /* Model */,
				4825FAE32609F2F8008781A3 /* View */,
				4825FAD62609E20F008781A3 /* ViewModel */,
				4825FAE82609F517008781A3 /* ViewController */,
			);
			path = GitHubClientAppMVVM;
			sourceTree = "<group>";
		};
		4825FACB2609D85F008781A3 /* Model */ = {
			isa = PBXGroup;
			children = (
				4825FAD02609D975008781A3 /* API.swift */,
				4825FAD32609E03C008781A3 /* ImageDownloader.swift */,
				4825FACC2609D879008781A3 /* User.swift */,
			);
			path = Model;
			sourceTree = "<group>";
		};
		4825FAD62609E20F008781A3 /* ViewModel */ = {
			isa = PBXGroup;
			children = (
				4825FADB2609E233008781A3 /* UserCellViewModel.swift */,
				4825FAD72609E226008781A3 /* UserListViewModel.swift */,
			);
			path = ViewModel;
			sourceTree = "<group>";
		};
		4825FADE2609E921008781A3 /* Util */ = {
			isa = PBXGroup;
			children = (
				4825FADF2609E949008781A3 /* CreateUIImage.swift */,
			);
			path = Util;
			sourceTree = "<group>";
		};
		4825FAE32609F2F8008781A3 /* View */ = {
			isa = PBXGroup;
			children = (
				4825FAE42609F312008781A3 /* TimeLineCell.swift */,
			);
			path = View;
			sourceTree = "<group>";
		};
		4825FAE82609F517008781A3 /* ViewController */ = {
			isa = PBXGroup;
			children = (
				4825FAE92609F528008781A3 /* TimeLineViewController.swift */,
			);
			path = ViewController;
			sourceTree = "<group>";
		};
		4825FAEF2609FE03008781A3 /* Application */ = {
			isa = PBXGroup;
			children = (
				4825FAB62609D7E0008781A3 /* AppDelegate.swift */,
			);
			path = Application;
			sourceTree = "<group>";
		};
/* End PBXGroup section */

/* Begin PBXNativeTarget section */
		4825FAB22609D7E0008781A3 /* GitHubClientAppMVVM */ = {
			isa = PBXNativeTarget;
			buildConfigurationList = 4825FAC72609D7E1008781A3 /* Build configuration list for PBXNativeTarget "GitHubClientAppMVVM" */;
			buildPhases = (
				4825FAAF2609D7E0008781A3 /* Sources */,
				4825FAB02609D7E0008781A3 /* Frameworks */,
				4825FAB12609D7E0008781A3 /* Resources */,
			);
			buildRules = (
			);
			dependencies = (
			);
			name = GitHubClientAppMVVM;
			productName = GitHubClientAppMVVM;
			productReference = 4825FAB32609D7E0008781A3 /* GitHubClientAppMVVM.app */;
			productType = "com.apple.product-type.application";
		};
/* End PBXNativeTarget section */

/* Begin PBXProject section */
		4825FAAB2609D7E0008781A3 /* Project object */ = {
			isa = PBXProject;
			attributes = {
				LastSwiftUpdateCheck = 1240;
				LastUpgradeCheck = 1240;
				TargetAttributes = {
					4825FAB22609D7E0008781A3 = {
						CreatedOnToolsVersion = 12.4;
					};
				};
			};
			buildConfigurationList = 4825FAAE2609D7E0008781A3 /* Build configuration list for PBXProject "GitHubClientAppMVVM" */;
			compatibilityVersion = "Xcode 9.3";
			developmentRegion = en;
			hasScannedForEncodings = 0;
			knownRegions = (
				en,
				Base,
			);
			mainGroup = 4825FAAA2609D7E0008781A3;
			productRefGroup = 4825FAB42609D7E0008781A3 /* Products */;
			projectDirPath = "";
			projectRoot = "";
			targets = (
				4825FAB22609D7E0008781A3 /* GitHubClientAppMVVM */,
			);
		};
/* End PBXProject section */

/* Begin PBXResourcesBuildPhase section */
		4825FAB12609D7E0008781A3 /* Resources */ = {
			isa = PBXResourcesBuildPhase;
			buildActionMask = 2147483647;
			files = (
				4825FAC32609D7E1008781A3 /* LaunchScreen.storyboard in Resources */,
				4825FAC02609D7E1008781A3 /* Assets.xcassets in Resources */,
				4825FABE2609D7E0008781A3 /* Main.storyboard in Resources */,
			);
			runOnlyForDeploymentPostprocessing = 0;
		};
/* End PBXResourcesBuildPhase section */

/* Begin PBXSourcesBuildPhase section */
		4825FAAF2609D7E0008781A3 /* Sources */ = {
			isa = PBXSourcesBuildPhase;
			buildActionMask = 2147483647;
			files = (
				4825FACD2609D879008781A3 /* User.swift in Sources */,
				4825FAD82609E226008781A3 /* UserListViewModel.swift in Sources */,
				4825FAB72609D7E0008781A3 /* AppDelegate.swift in Sources */,
				4825FADC2609E233008781A3 /* UserCellViewModel.swift in Sources */,
				4825FAEA2609F528008781A3 /* TimeLineViewController.swift in Sources */,
				4825FAD42609E03C008781A3 /* ImageDownloader.swift in Sources */,
				4825FAD12609D975008781A3 /* API.swift in Sources */,
				4825FAE52609F312008781A3 /* TimeLineCell.swift in Sources */,
				4825FAE02609E949008781A3 /* CreateUIImage.swift in Sources */,
			);
			runOnlyForDeploymentPostprocessing = 0;
		};
/* End PBXSourcesBuildPhase section */

/* Begin PBXVariantGroup section */
		4825FABC2609D7E0008781A3 /* Main.storyboard */ = {
			isa = PBXVariantGroup;
			children = (
				4825FABD2609D7E0008781A3 /* Base */,
			);
			name = Main.storyboard;
			sourceTree = "<group>";
		};
		4825FAC12609D7E1008781A3 /* LaunchScreen.storyboard */ = {
			isa = PBXVariantGroup;
			children = (
				4825FAC22609D7E1008781A3 /* Base */,
			);
			name = LaunchScreen.storyboard;
			sourceTree = "<group>";
		};
/* End PBXVariantGroup section */

/* Begin XCBuildConfiguration section */
		4825FAC52609D7E1008781A3 /* Debug */ = {
			isa = XCBuildConfiguration;
			buildSettings = {
				ALWAYS_SEARCH_USER_PATHS = NO;
				CLANG_ANALYZER_NONNULL = YES;
				CLANG_ANALYZER_NUMBER_OBJECT_CONVERSION = YES_AGGRESSIVE;
				CLANG_CXX_LANGUAGE_STANDARD = "gnu++14";
				CLANG_CXX_LIBRARY = "libc++";
				CLANG_ENABLE_MODULES = YES;
				CLANG_ENABLE_OBJC_ARC = YES;
				CLANG_ENABLE_OBJC_WEAK = YES;
				CLANG_WARN_BLOCK_CAPTURE_AUTORELEASING = YES;
				CLANG_WARN_BOOL_CONVERSION = YES;
				CLANG_WARN_COMMA = YES;
				CLANG_WARN_CONSTANT_CONVERSION = YES;
				CLANG_WARN_DEPRECATED_OBJC_IMPLEMENTATIONS = YES;
				CLANG_WARN_DIRECT_OBJC_ISA_USAGE = YES_ERROR;
				CLANG_WARN_DOCUMENTATION_COMMENTS = YES;
				CLANG_WARN_EMPTY_BODY = YES;
				CLANG_WARN_ENUM_CONVERSION = YES;
				CLANG_WARN_INFINITE_RECURSION = YES;
				CLANG_WARN_INT_CONVERSION = YES;
				CLANG_WARN_NON_LITERAL_NULL_CONVERSION = YES;
				CLANG_WARN_OBJC_IMPLICIT_RETAIN_SELF = YES;
				CLANG_WARN_OBJC_LITERAL_CONVERSION = YES;
				CLANG_WARN_OBJC_ROOT_CLASS = YES_ERROR;
				CLANG_WARN_QUOTED_INCLUDE_IN_FRAMEWORK_HEADER = YES;
				CLANG_WARN_RANGE_LOOP_ANALYSIS = YES;
				CLANG_WARN_STRICT_PROTOTYPES = YES;
				CLANG_WARN_SUSPICIOUS_MOVE = YES;
				CLANG_WARN_UNGUARDED_AVAILABILITY = YES_AGGRESSIVE;
				CLANG_WARN_UNREACHABLE_CODE = YES;
				CLANG_WARN__DUPLICATE_METHOD_MATCH = YES;
				COPY_PHASE_STRIP = NO;
				DEBUG_INFORMATION_FORMAT = dwarf;
				ENABLE_STRICT_OBJC_MSGSEND = YES;
				ENABLE_TESTABILITY = YES;
				GCC_C_LANGUAGE_STANDARD = gnu11;
				GCC_DYNAMIC_NO_PIC = NO;
				GCC_NO_COMMON_BLOCKS = YES;
				GCC_OPTIMIZATION_LEVEL = 0;
				GCC_PREPROCESSOR_DEFINITIONS = (
					"DEBUG=1",
					"$(inherited)",
				);
				GCC_WARN_64_TO_32_BIT_CONVERSION = YES;
				GCC_WARN_ABOUT_RETURN_TYPE = YES_ERROR;
				GCC_WARN_UNDECLARED_SELECTOR = YES;
				GCC_WARN_UNINITIALIZED_AUTOS = YES_AGGRESSIVE;
				GCC_WARN_UNUSED_FUNCTION = YES;
				GCC_WARN_UNUSED_VARIABLE = YES;
				IPHONEOS_DEPLOYMENT_TARGET = 14.4;
				MTL_ENABLE_DEBUG_INFO = INCLUDE_SOURCE;
				MTL_FAST_MATH = YES;
				ONLY_ACTIVE_ARCH = YES;
				SDKROOT = iphoneos;
				SWIFT_ACTIVE_COMPILATION_CONDITIONS = DEBUG;
				SWIFT_OPTIMIZATION_LEVEL = "-Onone";
			};
			name = Debug;
		};
		4825FAC62609D7E1008781A3 /* Release */ = {
			isa = XCBuildConfiguration;
			buildSettings = {
				ALWAYS_SEARCH_USER_PATHS = NO;
				CLANG_ANALYZER_NONNULL = YES;
				CLANG_ANALYZER_NUMBER_OBJECT_CONVERSION = YES_AGGRESSIVE;
				CLANG_CXX_LANGUAGE_STANDARD = "gnu++14";
				CLANG_CXX_LIBRARY = "libc++";
				CLANG_ENABLE_MODULES = YES;
				CLANG_ENABLE_OBJC_ARC = YES;
				CLANG_ENABLE_OBJC_WEAK = YES;
				CLANG_WARN_BLOCK_CAPTURE_AUTORELEASING = YES;
				CLANG_WARN_BOOL_CONVERSION = YES;
				CLANG_WARN_COMMA = YES;
				CLANG_WARN_CONSTANT_CONVERSION = YES;
				CLANG_WARN_DEPRECATED_OBJC_IMPLEMENTATIONS = YES;
				CLANG_WARN_DIRECT_OBJC_ISA_USAGE = YES_ERROR;
				CLANG_WARN_DOCUMENTATION_COMMENTS = YES;
				CLANG_WARN_EMPTY_BODY = YES;
				CLANG_WARN_ENUM_CONVERSION = YES;
				CLANG_WARN_INFINITE_RECURSION = YES;
				CLANG_WARN_INT_CONVERSION = YES;
				CLANG_WARN_NON_LITERAL_NULL_CONVERSION = YES;
				CLANG_WARN_OBJC_IMPLICIT_RETAIN_SELF = YES;
				CLANG_WARN_OBJC_LITERAL_CONVERSION = YES;
				CLANG_WARN_OBJC_ROOT_CLASS = YES_ERROR;
				CLANG_WARN_QUOTED_INCLUDE_IN_FRAMEWORK_HEADER = YES;
				CLANG_WARN_RANGE_LOOP_ANALYSIS = YES;
				CLANG_WARN_STRICT_PROTOTYPES = YES;
				CLANG_WARN_SUSPICIOUS_MOVE = YES;
				CLANG_WARN_UNGUARDED_AVAILABILITY = YES_AGGRESSIVE;
				CLANG_WARN_UNREACHABLE_CODE = YES;
				CLANG_WARN__DUPLICATE_METHOD_MATCH = YES;
				COPY_PHASE_STRIP = NO;
				DEBUG_INFORMATION_FORMAT = "dwarf-with-dsym";
				ENABLE_NS_ASSERTIONS = NO;
				ENABLE_STRICT_OBJC_MSGSEND = YES;
				GCC_C_LANGUAGE_STANDARD = gnu11;
				GCC_NO_COMMON_BLOCKS = YES;
				GCC_WARN_64_TO_32_BIT_CONVERSION = YES;
				GCC_WARN_ABOUT_RETURN_TYPE = YES_ERROR;
				GCC_WARN_UNDECLARED_SELECTOR = YES;
				GCC_WARN_UNINITIALIZED_AUTOS = YES_AGGRESSIVE;
				GCC_WARN_UNUSED_FUNCTION = YES;
				GCC_WARN_UNUSED_VARIABLE = YES;
				IPHONEOS_DEPLOYMENT_TARGET = 14.4;
				MTL_ENABLE_DEBUG_INFO = NO;
				MTL_FAST_MATH = YES;
				SDKROOT = iphoneos;
				SWIFT_COMPILATION_MODE = wholemodule;
				SWIFT_OPTIMIZATION_LEVEL = "-O";
				VALIDATE_PRODUCT = YES;
			};
			name = Release;
		};
		4825FAC82609D7E1008781A3 /* Debug */ = {
			isa = XCBuildConfiguration;
			buildSettings = {
				ASSETCATALOG_COMPILER_APPICON_NAME = AppIcon;
				ASSETCATALOG_COMPILER_GLOBAL_ACCENT_COLOR_NAME = AccentColor;
				CODE_SIGN_STYLE = Automatic;
				DEVELOPMENT_TEAM = 5RY865YBCC;
				INFOPLIST_FILE = GitHubClientAppMVVM/Info.plist;
				LD_RUNPATH_SEARCH_PATHS = (
					"$(inherited)",
					"@executable_path/Frameworks",
				);
				PRODUCT_BUNDLE_IDENTIFIER = com.gmail.beats.jomni.GitHubClientAppMVVM;
				PRODUCT_NAME = "$(TARGET_NAME)";
				SWIFT_VERSION = 5.0;
				TARGETED_DEVICE_FAMILY = "1,2";
			};
			name = Debug;
		};
		4825FAC92609D7E1008781A3 /* Release */ = {
			isa = XCBuildConfiguration;
			buildSettings = {
				ASSETCATALOG_COMPILER_APPICON_NAME = AppIcon;
				ASSETCATALOG_COMPILER_GLOBAL_ACCENT_COLOR_NAME = AccentColor;
				CODE_SIGN_STYLE = Automatic;
				DEVELOPMENT_TEAM = 5RY865YBCC;
				INFOPLIST_FILE = GitHubClientAppMVVM/Info.plist;
				LD_RUNPATH_SEARCH_PATHS = (
					"$(inherited)",
					"@executable_path/Frameworks",
				);
				PRODUCT_BUNDLE_IDENTIFIER = com.gmail.beats.jomni.GitHubClientAppMVVM;
				PRODUCT_NAME = "$(TARGET_NAME)";
				SWIFT_VERSION = 5.0;
				TARGETED_DEVICE_FAMILY = "1,2";
			};
			name = Release;
		};
/* End XCBuildConfiguration section */

/* Begin XCConfigurationList section */
		4825FAAE2609D7E0008781A3 /* Build configuration list for PBXProject "GitHubClientAppMVVM" */ = {
			isa = XCConfigurationList;
			buildConfigurations = (
				4825FAC52609D7E1008781A3 /* Debug */,
				4825FAC62609D7E1008781A3 /* Release */,
			);
			defaultConfigurationIsVisible = 0;
			defaultConfigurationName = Release;
		};
		4825FAC72609D7E1008781A3 /* Build configuration list for PBXNativeTarget "GitHubClientAppMVVM" */ = {
			isa = XCConfigurationList;
			buildConfigurations = (
				4825FAC82609D7E1008781A3 /* Debug */,
				4825FAC92609D7E1008781A3 /* Release */,
			);
			defaultConfigurationIsVisible = 0;
			defaultConfigurationName = Release;
		};
/* End XCConfigurationList section */
	};
	rootObject = 4825FAAB2609D7E0008781A3 /* Project object */;
}
